{
  "name": "project_wildfire",
  "lockfileVersion": 3,
  "requires": true,
  "packages": {
    "": {
      "dependencies": {
        "esri-leaflet": "^3.0.15"
      }
    },
    "node_modules/@terraformer/arcgis": {
      "version": "2.1.2",
      "resolved": "https://registry.npmjs.org/@terraformer/arcgis/-/arcgis-2.1.2.tgz",
      "integrity": "sha512-IvdfqehcNAUtKU1OFMKwPT8EvdKlVFZ7q7ZKzkIF8XzYZIVsZLuXuOS1UBdRh5u/o+X5Gax7jiZhD8U/4TV+Jw==",
      "license": "MIT",
      "dependencies": {
        "@terraformer/common": "^2.1.2"
      }
    },
    "node_modules/@terraformer/common": {
      "version": "2.1.2",
      "resolved": "https://registry.npmjs.org/@terraformer/common/-/common-2.1.2.tgz",
      "integrity": "sha512-cwPdTFzIpekZhZRrgDEkqLKNPoqbyCBQHiemaovnGIeUx0Pl336MY/eCxzJ5zXkrQLVo9zPalq/vYW5HnyKevQ==",
      "license": "MIT"
    },
    "node_modules/esri-leaflet": {
      "version": "3.0.15",
      "resolved": "https://registry.npmjs.org/esri-leaflet/-/esri-leaflet-3.0.15.tgz",
      "integrity": "sha512-wk83SolCqy8POIlGnPVwI+OQao0HlFNQzUBeV4vYeoMimsjG7eihjNaCx18J+L2KIh6QGGuUx/EDOQ9PbMAMGg==",
      "license": "Apache-2.0",
      "dependencies": {
        "@terraformer/arcgis": "^2.1.0",
        "tiny-binary-search": "^1.0.3"
      },
      "peerDependencies": {
        "leaflet": "^1.0.0"
      }
    },
    "node_modules/leaflet": {
      "version": "1.9.4",
      "resolved": "https://registry.npmjs.org/leaflet/-/leaflet-1.9.4.tgz",
      "integrity": "sha512-nxS1ynzJOmOlHp+iL3FyWqK89GtNL8U8rvlMOsQdTTssxZwCXh8N2NB3GDQOL+YR3XnWyZAxwQixURb+FA74PA==",
      "license": "BSD-2-Clause",
      "peer": true
    },
    "node_modules/tiny-binary-search": {
      "version": "1.0.3",
      "resolved": "https://registry.npmjs.org/tiny-binary-search/-/tiny-binary-search-1.0.3.tgz",
      "integrity": "sha512-STSHX/L5nI9WTLv6wrzJbAPbO7OIISX83KFBh2GVbX1Uz/vgZOU/ANn/8iV6t35yMTpoPzzO+3OQid3mifE0CA==",
      "license": "Apache-2.0"
    }
  }
}
