Microsoft Visual Studio Solution File, Format Version 12.00
# Visual Studio Version 17
VisualStudioVersion = 17.5.2.0
MinimumVisualStudioVersion = 10.0.40219.1
Project("{FAE04EC0-301F-11D3-BF4B-00C04F79EFBC}") = "project_wildfire_web", "project_wildfire_web.csproj", "{10C20B06-9257-9F53-BFED-5B9DC1CDF44A}"
EndProject
Global
	GlobalSection(SolutionConfigurationPlatforms) = preSolution
		Debug|Any CPU = Debug|Any CPU
		Release|Any CPU = Release|Any CPU
	EndGlobalSection
	GlobalSection(ProjectConfigurationPlatforms) = postSolution
		{10C20B06-9257-9F53-BFED-5B9DC1CDF44A}.Debug|Any CPU.ActiveCfg = Debug|Any CPU
		{10C20B06-9257-9F53-BFED-5B9DC1CDF44A}.Debug|Any CPU.Build.0 = Debug|Any CPU
		{10C20B06-9257-9F53-BFED-5B9DC1CDF44A}.Release|Any CPU.ActiveCfg = Release|Any CPU
		{10C20B06-9257-9F53-BFED-5B9DC1CDF44A}.Release|Any CPU.Build.0 = Release|Any CPU
	EndGlobalSection
	GlobalSection(SolutionProperties) = preSolution
		HideSolutionNode = FALSE
	EndGlobalSection
	GlobalSection(ExtensibilityGlobals) = postSolution
		SolutionGuid = {91E39A89-23F6-48A7-A931-59C017EBA7D2}
	EndGlobalSection
EndGlobal
