
Microsoft Visual Studio Solution File, Format Version 12.00
# Visual Studio Version 17
VisualStudioVersion = 17.0.31903.59
MinimumVisualStudioVersion = 10.0.40219.1
Project("{FAE04EC0-301F-11D3-BF4B-00C04F79EFBC}") = "ProjectWildfireWeb", "ProjectWildfireWeb\ProjectWildfireWeb.csproj", "{B1891F3D-2F4F-4E2F-AD8C-F5620647A8D3}"
EndProject
Project("{FAE04EC0-301F-11D3-BF4B-00C04F79EFBC}") = "ProjectWildfire_Tests", "ProjectWildfire_Tests\ProjectWildfire_Tests.csproj", "{1B366D7F-B9AA-4525-B419-E5D16B86E25B}"
EndProject
Global
	GlobalSection(SolutionConfigurationPlatforms) = preSolution
		Debug|Any CPU = Debug|Any CPU
		Release|Any CPU = Release|Any CPU
	EndGlobalSection
	GlobalSection(SolutionProperties) = preSolution
		HideSolutionNode = FALSE
	EndGlobalSection
	GlobalSection(ProjectConfigurationPlatforms) = postSolution
		{B1891F3D-2F4F-4E2F-AD8C-F5620647A8D3}.Debug|Any CPU.ActiveCfg = Debug|Any CPU
		{B1891F3D-2F4F-4E2F-AD8C-F5620647A8D3}.Debug|Any CPU.Build.0 = Debug|Any CPU
		{B1891F3D-2F4F-4E2F-AD8C-F5620647A8D3}.Release|Any CPU.ActiveCfg = Release|Any CPU
		{B1891F3D-2F4F-4E2F-AD8C-F5620647A8D3}.Release|Any CPU.Build.0 = Release|Any CPU
		{1B366D7F-B9AA-4525-B419-E5D16B86E25B}.Debug|Any CPU.ActiveCfg = Debug|Any CPU
		{1B366D7F-B9AA-4525-B419-E5D16B86E25B}.Debug|Any CPU.Build.0 = Debug|Any CPU
		{1B366D7F-B9AA-4525-B419-E5D16B86E25B}.Release|Any CPU.ActiveCfg = Release|Any CPU
		{1B366D7F-B9AA-4525-B419-E5D16B86E25B}.Release|Any CPU.Build.0 = Release|Any CPU
	EndGlobalSection
EndGlobal
